{
  "name": "2sem-rasr-prog-koda",
  "version": "1.0.0",
  "lockfileVersion": 3,
  "requires": true,
  "packages": {
    "": {
      "name": "2sem-rasr-prog-koda",
      "version": "1.0.0",
      "license": "ISC",
      "dependencies": {
        "@types/lodash": "^4.14.194",
        "@types/node": "^20.2.3",
        "lodash": "^4.17.21",
        "typescript": "^5.0.4"
      }
    },
    "node_modules/@types/lodash": {
      "version": "4.14.194",
      "resolved": "https://registry.npmjs.org/@types/lodash/-/lodash-4.14.194.tgz",
      "integrity": "sha512-r22s9tAS7imvBt2lyHC9B8AGwWnXaYb1tY09oyLkXDs4vArpYJzw09nj8MLx5VfciBPGIb+ZwG0ssYnEPJxn/g=="
    },
    "node_modules/@types/node": {
      "version": "20.2.3",
      "resolved": "https://registry.npmjs.org/@types/node/-/node-20.2.3.tgz",
      "integrity": "sha512-pg9d0yC4rVNWQzX8U7xb4olIOFuuVL9za3bzMT2pu2SU0SNEi66i2qrvhE2qt0HvkhuCaWJu7pLNOt/Pj8BIrw=="
    },
    "node_modules/lodash": {
      "version": "4.17.21",
      "resolved": "https://registry.npmjs.org/lodash/-/lodash-4.17.21.tgz",
      "integrity": "sha512-v2kDEe57lecTulaDIuNTPy3Ry4gLGJ6Z1O3vE1krgXZNrsQ+LFTGHVxVjcXPs17LhbZVGedAJv8XZ1tvj5FvSg=="
    },
    "node_modules/typescript": {
      "version": "5.0.4",
      "resolved": "https://registry.npmjs.org/typescript/-/typescript-5.0.4.tgz",
      "integrity": "sha512-cW9T5W9xY37cc+jfEnaUvX91foxtHkza3Nw3wkoF4sSlKn0MONdkdEndig/qPBWXNkmplh3NzayQzCiHM4/hqw==",
      "bin": {
        "tsc": "bin/tsc",
        "tsserver": "bin/tsserver"
      },
      "engines": {
        "node": ">=12.20"
      }
    }
  }
}
